{
  "name": "intentra",
  "version": "0.3.0",
  "lockfileVersion": 3,
  "requires": true,
  "packages": {
    "": {
      "name": "intentra",
      "version": "0.3.0",
      "workspaces": [
        "contracts",
        "policies",
        "registries",
        "state",
        "adapters",
        "discovery",
        "agents",
        "core",
        "tools"
      ],
      "devDependencies": {
        "@types/node": "^22.10.2",
        "ajv": "^8.17.1",
        "dependency-cruiser": "^16.9.0",
        "eslint": "^9.17.0",
        "typescript": "^5.7.2",
        "typescript-eslint": "^8.19.0"
      },
      "engines": {
        "node": ">=22"
      }
    },
